{
    "_meta": {
        "hash": {
            "sha256": "d455a0bfc778e9a9ff2bbd4826f01746aeab9a495c614484068f1d214f172dde"
        },
        "pipfile-spec": 6,
        "requires": {
            "python_version": "3.7"
        },
        "sources": [
            {
                "name": "pypi",
                "url": "https://pypi.org/simple",
                "verify_ssl": true
            }
        ]
    },
    "default": {
        "django": {
            "hashes": [
                "sha256:047d0f4c93262b33801049a2dcddaef09c29e741c03a947a3556ea4748eed2e2",
                "sha256:2bb654fcc05fd53017c88caf2bc38b5c5ea23c91f8ac7f0a28b290daf2305bba"
            ],
            "index": "pypi",
            "version": "==1.8.3"
        }
    },
    "develop": {}
}
